version = 1
requires-python = ">=3.12"

[[package]]
name = "pygame-ce"
version = "2.5.2"
source = { registry = "https://pypi.org/simple" }
sdist = { url = "https://files.pythonhosted.org/packages/72/77/1dbadd1ad699622143df5b157d31cdc6bf28060bc0c1dea4ce70620d10ce/pygame_ce-2.5.2.tar.gz", hash = "sha256:4c6729df05d013bb8f1ab50165506f1649077cc632d16167d5c493c69673cad9", size = 6966336 }
wheels = [
    { url = "https://files.pythonhosted.org/packages/5b/a8/c5fe4a422c7d2e589d515af3b2d394b932db400de380329c31ab56be1ef5/pygame_ce-2.5.2-cp312-cp312-macosx_10_13_x86_64.whl", hash = "sha256:f69de2c294daba34c95ef11446ee605fd4e6599068810660811fb96e08c7f123", size = 13646940 },
    { url = "https://files.pythonhosted.org/packages/20/c9/67768aa9557ff8dc0d6b67f71871ef53f048848e7919e9e7e326aecba073/pygame_ce-2.5.2-cp312-cp312-macosx_11_0_arm64.whl", hash = "sha256:fae0032ab06e44ccc94fd835e32df7130d31876e28a067923eccebdf41906c33", size = 12916105 },
    { url = "https://files.pythonhosted.org/packages/7f/01/e75918cee1b02dff0d3ac61c34c77410db1b51df1dafbfd107a902635eda/pygame_ce-2.5.2-cp312-cp312-manylinux_2_17_aarch64.manylinux2014_aarch64.whl", hash = "sha256:e97479753f303e481d210f44d2df48d81cb86da5b6becbfca520f674e345b30a", size = 13506579 },
    { url = "https://files.pythonhosted.org/packages/ca/d1/83c846e6bbab97156b0c94bd828cbe8d73d301341f79ea1efaafb7874b92/pygame_ce-2.5.2-cp312-cp312-manylinux_2_17_i686.manylinux2014_i686.whl", hash = "sha256:ba25e1d9be0a0dcf00784732e34f275f94f1c8fe6e37eef91cbd955eb20addfb", size = 14047568 },
    { url = "https://files.pythonhosted.org/packages/98/7f/2a34163bb7bcefebc06ae486e429dc20e9e44183ce58fa694bcaa679de62/pygame_ce-2.5.2-cp312-cp312-manylinux_2_17_x86_64.manylinux2014_x86_64.whl", hash = "sha256:e457343c1916c8e9655263d692150edee237b6041ec61758338294d6b3db9e85", size = 13672188 },
    { url = "https://files.pythonhosted.org/packages/8b/c0/389dde59ec3f87031acd4e5cb314f7218461def3d03148a81fe6f3cb0d78/pygame_ce-2.5.2-cp312-cp312-win32.whl", hash = "sha256:abf0acb93f906f464f3e2bccbe61210ce4346a60b2e9bc8d5c1c7a400b28df7f", size = 11187298 },
    { url = "https://files.pythonhosted.org/packages/4a/2c/a8dafd59fe0c3dd715d3a36ce5f8cbf5b4efced6423c334dae904f4388bc/pygame_ce-2.5.2-cp312-cp312-win_amd64.whl", hash = "sha256:0c1c728e7060eca42cdf1bf8b018055d47b3e18d44cdb7dbe1ef7df768513dde", size = 11647690 },
    { url = "https://files.pythonhosted.org/packages/73/37/3f5d35fb884804ac862e1c588a01b3f87db21657094081f8bab48c97f79a/pygame_ce-2.5.2-cp313-cp313-macosx_10_13_x86_64.whl", hash = "sha256:291d9cd568bcc47254ac1d1366f99800c8e68fcbdf57ccd40841cfd1abdaa037", size = 13640796 },
    { url = "https://files.pythonhosted.org/packages/6d/ac/2f41fdcf6bc26df4511ef603a71de4f587d692e1d018257ba243958a3980/pygame_ce-2.5.2-cp313-cp313-macosx_11_0_arm64.whl", hash = "sha256:7ee3cec06545e544974e7b75546bf0290db634af3c8a264faa7f18bc1a0ffa77", size = 12910261 },
    { url = "https://files.pythonhosted.org/packages/75/57/481479fa39a19c27cec186f2588fd4a475b4be08415ff001a51ac0a88896/pygame_ce-2.5.2-cp313-cp313-manylinux_2_17_aarch64.manylinux2014_aarch64.whl", hash = "sha256:f788aefb76bed53623ba33659182bacc5ad1670004b124c0a9285b65acd39da9", size = 13502495 },
    { url = "https://files.pythonhosted.org/packages/f1/cd/1f8e3761a5230e63ea364c96c5d83293e5514c28c9985caa210aa7f76283/pygame_ce-2.5.2-cp313-cp313-manylinux_2_17_i686.manylinux2014_i686.whl", hash = "sha256:fdea50f9904fb5f52957c2216966b3315424ab45a1a89157cd194ede93c95f71", size = 14045914 },
    { url = "https://files.pythonhosted.org/packages/5f/6a/b423c9ad086898677cd2bc94f8acfab353bbd528941a9596a427a284a6e2/pygame_ce-2.5.2-cp313-cp313-manylinux_2_17_x86_64.manylinux2014_x86_64.whl", hash = "sha256:da60f03332984c14561f5773dea0ce06a8ca2a132922870ea2c03097078042f4", size = 13668535 },
    { url = "https://files.pythonhosted.org/packages/68/e3/e52e03ca137441fc6165264c162caf34393fb3e2eb2e5c5fadac31f12bdc/pygame_ce-2.5.2-cp313-cp313-win32.whl", hash = "sha256:b4b21c676288afbf64cfefaa729d67de5500115e6c5e1d2aa251bcfc06dce725", size = 11185105 },
    { url = "https://files.pythonhosted.org/packages/6a/02/b6a556598d655866b3c2ad617c842e73b641079d926a566a43882454a5f4/pygame_ce-2.5.2-cp313-cp313-win_amd64.whl", hash = "sha256:bc503d5a710663d51b5c1405492bd29770e53fc69451747b0b9bb4f3a21161ff", size = 11645322 },
]

[[package]]
name = "pygbase-engine"
version = "0.0.1"
source = { editable = "." }
dependencies = [
    { name = "pygame-ce" },
]

[package.metadata]
requires-dist = [{ name = "pygame-ce", specifier = ">=2.5.2" }]
